
Microsoft Visual Studio Solution File, Format Version 12.00
# Visual Studio Version 17
VisualStudioVersion = 17.4.33213.308
MinimumVisualStudioVersion = 10.0.40219.1
Project("{FAE04EC0-301F-11D3-BF4B-00C04F79EFBC}") = "ndp carpismalar", "ndp carpismalar\ndp carpismalar.csproj", "{D2060B57-D6E3-4976-89A8-154FF76A4086}"
EndProject
Global
	GlobalSection(SolutionConfigurationPlatforms) = preSolution
		Debug|Any CPU = Debug|Any CPU
		Release|Any CPU = Release|Any CPU
	EndGlobalSection
	GlobalSection(ProjectConfigurationPlatforms) = postSolution
		{D2060B57-D6E3-4976-89A8-154FF76A4086}.Debug|Any CPU.ActiveCfg = Debug|Any CPU
		{D2060B57-D6E3-4976-89A8-154FF76A4086}.Debug|Any CPU.Build.0 = Debug|Any CPU
		{D2060B57-D6E3-4976-89A8-154FF76A4086}.Release|Any CPU.ActiveCfg = Release|Any CPU
		{D2060B57-D6E3-4976-89A8-154FF76A4086}.Release|Any CPU.Build.0 = Release|Any CPU
	EndGlobalSection
	GlobalSection(SolutionProperties) = preSolution
		HideSolutionNode = FALSE
	EndGlobalSection
	GlobalSection(ExtensibilityGlobals) = postSolution
		SolutionGuid = {7EE0F09C-3D31-4E93-BBC7-EB626FFCACB8}
	EndGlobalSection
EndGlobal
